<?xml version="1.0" encoding="UTF-8" standalone="yes" ?>
<CodeBlocks_project_file>
  <FileVersion major="1" minor="6" />
  <Project>
    <Option title="project" />
    <Option pch_mode="2" />
    <Option compiler="gcc" />
    <Build>
      <Target title="Debug">
        <Option extension_auto="1" output="build/bin/Debug/project" prefix_auto="1" />
        <Option object_output="build/obj/Debug/" />
        <Option type="1" />
        <Option compiler="gcc" />
        <Compiler>
          <Add option="-g" />
          <Add directory="." />
          <Add directory="..\..\..\components\drivers\include" />
          <Add directory="..\..\..\components\finsh" />
          <Add directory="..\..\..\components\libc\compilers\armlibc" />
          <Add directory="..\..\..\components\libc\compilers\common" />
          <Add directory="..\..\..\components\net\lwip-2.0.2\src" />
          <Add directory="..\..\..\components\net\lwip-2.0.2\src\arch\include" />
          <Add directory="..\..\..\components\net\lwip-2.0.2\src\include" />
          <Add directory="..\..\..\components\net\lwip-2.0.2\src\include\ipv4" />
          <Add directory="..\..\..\components\net\lwip-2.0.2\src\include\netif" />
          <Add directory="..\..\..\components\net\lwip-2.0.2\src\include\posix" />
          <Add directory="..\..\..\components\net\netdev\include" />
          <Add directory="..\..\..\include" />
          <Add directory="..\..\..\libcpu\arm\common" />
          <Add directory="..\..\..\libcpu\arm\cortex-m3" />
          <Add directory="..\libraries\HAL_Drivers" />
          <Add directory="..\libraries\HAL_Drivers\config" />
          <Add directory="..\libraries\STM32F1xx_HAL\CMSIS\Device\ST\STM32F1xx\Include" />
          <Add directory="..\libraries\STM32F1xx_HAL\CMSIS\Include" />
          <Add directory="..\libraries\STM32F1xx_HAL\STM32F1xx_HAL_Driver\Inc" />
          <Add directory="applications" />
          <Add directory="board" />
          <Add directory="board\CubeMX_Config\Inc" />
          <Add option="-DSTM32F107xC" />
          <Add option="-DRT_USING_ARM_LIBC" />
          <Add option="-DUSE_HAL_DRIVER" />
        </Compiler>
      </Target>
      <Target title="Release">
        <Option extension_auto="1" output="build/bin/Release/project" prefix_auto="1" />
        <Option object_output="build/obj/Release/" />
        <Option type="1" />
        <Option compiler="gcc" />
        <Compiler>
          <Add option="-O2" />
        </Compiler>
        <Linker>
          <Add option="-s" />
        </Linker>
      </Target>
    </Build>
    <Compiler>
      <Add option="-Wall" />
    </Compiler>
    <Extensions>
      <code_completion />
      <envvars />
      <debugger />
      <lib_finder disable_auto="1" />
    </Extensions>
    <Unit filename="..\..\..\src\clock.c">
      <Option compilerVar="CC" />
    </Unit>
    <Unit filename="..\..\..\src\components.c">
      <Option compilerVar="CC" />
    </Unit>
    <Unit filename="..\..\..\src\cpu.c">
      <Option compilerVar="CC" />
    </Unit>
    <Unit filename="..\..\..\src\device.c">
      <Option compilerVar="CC" />
    </Unit>
    <Unit filename="..\..\..\src\idle.c">
      <Option compilerVar="CC" />
    </Unit>
    <Unit filename="..\..\..\src\ipc.c">
      <Option compilerVar="CC" />
    </Unit>
    <Unit filename="..\..\..\src\irq.c">
      <Option compilerVar="CC" />
    </Unit>
    <Unit filename="..\..\..\src\kservice.c">
      <Option compilerVar="CC" />
    </Unit>
    <Unit filename="..\..\..\src\mem.c">
      <Option compilerVar="CC" />
    </Unit>
    <Unit filename="..\..\..\src\mempool.c">
      <Option compilerVar="CC" />
    </Unit>
    <Unit filename="..\..\..\src\object.c">
      <Option compilerVar="CC" />
    </Unit>
    <Unit filename="..\..\..\src\scheduler.c">
      <Option compilerVar="CC" />
    </Unit>
    <Unit filename="..\..\..\src\signal.c">
      <Option compilerVar="CC" />
    </Unit>
    <Unit filename="..\..\..\src\thread.c">
      <Option compilerVar="CC" />
    </Unit>
    <Unit filename="..\..\..\src\timer.c">
      <Option compilerVar="CC" />
    </Unit>
    <Unit filename="applications\main.c">
      <Option compilerVar="CC" />
    </Unit>
    <Unit filename="board\board.c">
      <Option compilerVar="CC" />
    </Unit>
    <Unit filename="board\CubeMX_Config\Src\stm32f1xx_hal_msp.c">
      <Option compilerVar="CC" />
    </Unit>
    <Unit filename="..\libraries\STM32F1xx_HAL\CMSIS\Device\ST\STM32F1xx\Source\Templates\arm\startup_stm32f107xc.s">
      <Option compilerVar="CC" />
    </Unit>
    <Unit filename="..\libraries\HAL_Drivers\drv_gpio.c">
      <Option compilerVar="CC" />
    </Unit>
    <Unit filename="..\libraries\HAL_Drivers\drv_usart.c">
      <Option compilerVar="CC" />
    </Unit>
    <Unit filename="..\libraries\HAL_Drivers\drv_eth.c">
      <Option compilerVar="CC" />
    </Unit>
    <Unit filename="..\libraries\HAL_Drivers\drv_common.c">
      <Option compilerVar="CC" />
    </Unit>
    <Unit filename="..\..\..\libcpu\arm\common\backtrace.c">
      <Option compilerVar="CC" />
    </Unit>
    <Unit filename="..\..\..\libcpu\arm\common\div0.c">
      <Option compilerVar="CC" />
    </Unit>
    <Unit filename="..\..\..\libcpu\arm\common\showmem.c">
      <Option compilerVar="CC" />
    </Unit>
    <Unit filename="..\..\..\libcpu\arm\cortex-m3\cpuport.c">
      <Option compilerVar="CC" />
    </Unit>
    <Unit filename="..\..\..\libcpu\arm\cortex-m3\context_rvds.S">
      <Option compilerVar="CC" />
    </Unit>
    <Unit filename="..\..\..\components\drivers\misc\pin.c">
      <Option compilerVar="CC" />
    </Unit>
    <Unit filename="..\..\..\components\drivers\serial\serial.c">
      <Option compilerVar="CC" />
    </Unit>
    <Unit filename="..\..\..\components\drivers\src\completion.c">
      <Option compilerVar="CC" />
    </Unit>
    <Unit filename="..\..\..\components\drivers\src\dataqueue.c">
      <Option compilerVar="CC" />
    </Unit>
    <Unit filename="..\..\..\components\drivers\src\pipe.c">
      <Option compilerVar="CC" />
    </Unit>
    <Unit filename="..\..\..\components\drivers\src\ringblk_buf.c">
      <Option compilerVar="CC" />
    </Unit>
    <Unit filename="..\..\..\components\drivers\src\ringbuffer.c">
      <Option compilerVar="CC" />
    </Unit>
    <Unit filename="..\..\..\components\drivers\src\waitqueue.c">
      <Option compilerVar="CC" />
    </Unit>
    <Unit filename="..\..\..\components\drivers\src\workqueue.c">
      <Option compilerVar="CC" />
    </Unit>
    <Unit filename="..\..\..\components\finsh\shell.c">
      <Option compilerVar="CC" />
    </Unit>
    <Unit filename="..\..\..\components\finsh\symbol.c">
      <Option compilerVar="CC" />
    </Unit>
    <Unit filename="..\..\..\components\finsh\cmd.c">
      <Option compilerVar="CC" />
    </Unit>
    <Unit filename="..\..\..\components\finsh\msh.c">
      <Option compilerVar="CC" />
    </Unit>
    <Unit filename="..\..\..\components\finsh\msh_cmd.c">
      <Option compilerVar="CC" />
    </Unit>
    <Unit filename="..\..\..\components\finsh\msh_file.c">
      <Option compilerVar="CC" />
    </Unit>
    <Unit filename="..\..\..\components\libc\compilers\armlibc\libc.c">
      <Option compilerVar="CC" />
    </Unit>
    <Unit filename="..\..\..\components\libc\compilers\armlibc\mem_std.c">
      <Option compilerVar="CC" />
    </Unit>
    <Unit filename="..\..\..\components\libc\compilers\armlibc\stubs.c">
      <Option compilerVar="CC" />
    </Unit>
    <Unit filename="..\..\..\components\libc\compilers\common\time.c">
      <Option compilerVar="CC" />
    </Unit>
    <Unit filename="..\..\..\components\net\lwip-2.0.2\src\arch\sys_arch.c">
      <Option compilerVar="CC" />
    </Unit>
    <Unit filename="..\..\..\components\net\lwip-2.0.2\src\api\api_lib.c">
      <Option compilerVar="CC" />
    </Unit>
    <Unit filename="..\..\..\components\net\lwip-2.0.2\src\api\api_msg.c">
      <Option compilerVar="CC" />
    </Unit>
    <Unit filename="..\..\..\components\net\lwip-2.0.2\src\api\err.c">
      <Option compilerVar="CC" />
    </Unit>
    <Unit filename="..\..\..\components\net\lwip-2.0.2\src\api\netbuf.c">
      <Option compilerVar="CC" />
    </Unit>
    <Unit filename="..\..\..\components\net\lwip-2.0.2\src\api\netdb.c">
      <Option compilerVar="CC" />
    </Unit>
    <Unit filename="..\..\..\components\net\lwip-2.0.2\src\api\netifapi.c">
      <Option compilerVar="CC" />
    </Unit>
    <Unit filename="..\..\..\components\net\lwip-2.0.2\src\api\sockets.c">
      <Option compilerVar="CC" />
    </Unit>
    <Unit filename="..\..\..\components\net\lwip-2.0.2\src\api\tcpip.c">
      <Option compilerVar="CC" />
    </Unit>
    <Unit filename="..\..\..\components\net\lwip-2.0.2\src\core\def.c">
      <Option compilerVar="CC" />
    </Unit>
    <Unit filename="..\..\..\components\net\lwip-2.0.2\src\core\dns.c">
      <Option compilerVar="CC" />
    </Unit>
    <Unit filename="..\..\..\components\net\lwip-2.0.2\src\core\inet_chksum.c">
      <Option compilerVar="CC" />
    </Unit>
    <Unit filename="..\..\..\components\net\lwip-2.0.2\src\core\init.c">
      <Option compilerVar="CC" />
    </Unit>
    <Unit filename="..\..\..\components\net\lwip-2.0.2\src\core\ip.c">
      <Option compilerVar="CC" />
    </Unit>
    <Unit filename="..\..\..\components\net\lwip-2.0.2\src\core\memp.c">
      <Option compilerVar="CC" />
    </Unit>
    <Unit filename="..\..\..\components\net\lwip-2.0.2\src\core\netif.c">
      <Option compilerVar="CC" />
    </Unit>
    <Unit filename="..\..\..\components\net\lwip-2.0.2\src\core\pbuf.c">
      <Option compilerVar="CC" />
    </Unit>
    <Unit filename="..\..\..\components\net\lwip-2.0.2\src\core\raw.c">
      <Option compilerVar="CC" />
    </Unit>
    <Unit filename="..\..\..\components\net\lwip-2.0.2\src\core\stats.c">
      <Option compilerVar="CC" />
    </Unit>
    <Unit filename="..\..\..\components\net\lwip-2.0.2\src\core\sys.c">
      <Option compilerVar="CC" />
    </Unit>
    <Unit filename="..\..\..\components\net\lwip-2.0.2\src\core\tcp.c">
      <Option compilerVar="CC" />
    </Unit>
    <Unit filename="..\..\..\components\net\lwip-2.0.2\src\core\tcp_in.c">
      <Option compilerVar="CC" />
    </Unit>
    <Unit filename="..\..\..\components\net\lwip-2.0.2\src\core\tcp_out.c">
      <Option compilerVar="CC" />
    </Unit>
    <Unit filename="..\..\..\components\net\lwip-2.0.2\src\core\timeouts.c">
      <Option compilerVar="CC" />
    </Unit>
    <Unit filename="..\..\..\components\net\lwip-2.0.2\src\core\udp.c">
      <Option compilerVar="CC" />
    </Unit>
    <Unit filename="..\..\..\components\net\lwip-2.0.2\src\netif\ethernet.c">
      <Option compilerVar="CC" />
    </Unit>
    <Unit filename="..\..\..\components\net\lwip-2.0.2\src\netif\ethernetif.c">
      <Option compilerVar="CC" />
    </Unit>
    <Unit filename="..\..\..\components\net\lwip-2.0.2\src\netif\lowpan6.c">
      <Option compilerVar="CC" />
    </Unit>
    <Unit filename="..\..\..\components\net\lwip-2.0.2\src\core\ipv4\autoip.c">
      <Option compilerVar="CC" />
    </Unit>
    <Unit filename="..\..\..\components\net\lwip-2.0.2\src\core\ipv4\dhcp.c">
      <Option compilerVar="CC" />
    </Unit>
    <Unit filename="..\..\..\components\net\lwip-2.0.2\src\core\ipv4\etharp.c">
      <Option compilerVar="CC" />
    </Unit>
    <Unit filename="..\..\..\components\net\lwip-2.0.2\src\core\ipv4\icmp.c">
      <Option compilerVar="CC" />
    </Unit>
    <Unit filename="..\..\..\components\net\lwip-2.0.2\src\core\ipv4\igmp.c">
      <Option compilerVar="CC" />
    </Unit>
    <Unit filename="..\..\..\components\net\lwip-2.0.2\src\core\ipv4\ip4.c">
      <Option compilerVar="CC" />
    </Unit>
    <Unit filename="..\..\..\components\net\lwip-2.0.2\src\core\ipv4\ip4_addr.c">
      <Option compilerVar="CC" />
    </Unit>
    <Unit filename="..\..\..\components\net\lwip-2.0.2\src\core\ipv4\ip4_frag.c">
      <Option compilerVar="CC" />
    </Unit>
    <Unit filename="..\..\..\components\net\lwip-2.0.2\src\apps\ping\ping.c">
      <Option compilerVar="CC" />
    </Unit>
    <Unit filename="..\..\..\components\net\netdev\src\netdev.c">
      <Option compilerVar="CC" />
    </Unit>
    <Unit filename="..\..\..\components\net\netdev\src\netdev_ipaddr.c">
      <Option compilerVar="CC" />
    </Unit>
    <Unit filename="..\libraries\STM32F1xx_HAL\CMSIS\Device\ST\STM32F1xx\Source\Templates\system_stm32f1xx.c">
      <Option compilerVar="CC" />
    </Unit>
    <Unit filename="..\libraries\STM32F1xx_HAL\STM32F1xx_HAL_Driver\Src\stm32f1xx_hal_dma.c">
      <Option compilerVar="CC" />
    </Unit>
    <Unit filename="..\libraries\STM32F1xx_HAL\STM32F1xx_HAL_Driver\Src\stm32f1xx_hal_cortex.c">
      <Option compilerVar="CC" />
    </Unit>
    <Unit filename="..\libraries\STM32F1xx_HAL\STM32F1xx_HAL_Driver\Src\stm32f1xx_hal_crc.c">
      <Option compilerVar="CC" />
    </Unit>
    <Unit filename="..\libraries\STM32F1xx_HAL\STM32F1xx_HAL_Driver\Src\stm32f1xx_hal_pwr.c">
      <Option compilerVar="CC" />
    </Unit>
    <Unit filename="..\libraries\STM32F1xx_HAL\STM32F1xx_HAL_Driver\Src\stm32f1xx_hal_rcc.c">
      <Option compilerVar="CC" />
    </Unit>
    <Unit filename="..\libraries\STM32F1xx_HAL\STM32F1xx_HAL_Driver\Src\stm32f1xx_hal_rcc_ex.c">
      <Option compilerVar="CC" />
    </Unit>
    <Unit filename="..\libraries\STM32F1xx_HAL\STM32F1xx_HAL_Driver\Src\stm32f1xx_hal.c">
      <Option compilerVar="CC" />
    </Unit>
    <Unit filename="..\libraries\STM32F1xx_HAL\STM32F1xx_HAL_Driver\Src\stm32f1xx_hal_cec.c">
      <Option compilerVar="CC" />
    </Unit>
    <Unit filename="..\libraries\STM32F1xx_HAL\STM32F1xx_HAL_Driver\Src\stm32f1xx_hal_sram.c">
      <Option compilerVar="CC" />
    </Unit>
    <Unit filename="..\libraries\STM32F1xx_HAL\STM32F1xx_HAL_Driver\Src\stm32f1xx_hal_gpio.c">
      <Option compilerVar="CC" />
    </Unit>
    <Unit filename="..\libraries\STM32F1xx_HAL\STM32F1xx_HAL_Driver\Src\stm32f1xx_hal_gpio_ex.c">
      <Option compilerVar="CC" />
    </Unit>
    <Unit filename="..\libraries\STM32F1xx_HAL\STM32F1xx_HAL_Driver\Src\stm32f1xx_hal_uart.c">
      <Option compilerVar="CC" />
    </Unit>
    <Unit filename="..\libraries\STM32F1xx_HAL\STM32F1xx_HAL_Driver\Src\stm32f1xx_hal_usart.c">
      <Option compilerVar="CC" />
    </Unit>
    <Unit filename="..\libraries\STM32F1xx_HAL\STM32F1xx_HAL_Driver\Src\stm32f1xx_hal_eth.c">
      <Option compilerVar="CC" />
    </Unit>
    <Unit filename="..\libraries\HAL_Drivers\config\f0\adc_config.h" />
    <Unit filename="..\libraries\HAL_Drivers\config\f0\dma_config.h" />
    <Unit filename="..\libraries\HAL_Drivers\config\f0\pwm_config.h" />
    <Unit filename="..\libraries\HAL_Drivers\config\f0\spi_config.h" />
    <Unit filename="..\libraries\HAL_Drivers\config\f0\tim_config.h" />
    <Unit filename="..\libraries\HAL_Drivers\config\f0\uart_config.h" />
    <Unit filename="..\libraries\HAL_Drivers\config\f1\adc_config.h" />
    <Unit filename="..\libraries\HAL_Drivers\config\f1\dma_config.h" />
    <Unit filename="..\libraries\HAL_Drivers\config\f1\pulse_encoder_config.h" />
    <Unit filename="..\libraries\HAL_Drivers\config\f1\pwm_config.h" />
    <Unit filename="..\libraries\HAL_Drivers\config\f1\sdio_config.h" />
    <Unit filename="..\libraries\HAL_Drivers\config\f1\spi_config.h" />
    <Unit filename="..\libraries\HAL_Drivers\config\f1\tim_config.h" />
    <Unit filename="..\libraries\HAL_Drivers\config\f1\uart_config.h" />
    <Unit filename="..\libraries\HAL_Drivers\config\f1\usbd_fs_config.h" />
    <Unit filename="..\libraries\HAL_Drivers\config\f2\adc_config.h" />
    <Unit filename="..\libraries\HAL_Drivers\config\f2\dma_config.h" />
    <Unit filename="..\libraries\HAL_Drivers\config\f2\pwm_config.h" />
    <Unit filename="..\libraries\HAL_Drivers\config\f2\sdio_config.h" />
    <Unit filename="..\libraries\HAL_Drivers\config\f2\spi_config.h" />
    <Unit filename="..\libraries\HAL_Drivers\config\f2\tim_config.h" />
    <Unit filename="..\libraries\HAL_Drivers\config\f2\uart_config.h" />
    <Unit filename="..\libraries\HAL_Drivers\config\f4\adc_config.h" />
    <Unit filename="..\libraries\HAL_Drivers\config\f4\dma_config.h" />
    <Unit filename="..\libraries\HAL_Drivers\config\f4\pulse_encoder_config.h" />
    <Unit filename="..\libraries\HAL_Drivers\config\f4\pwm_config.h" />
    <Unit filename="..\libraries\HAL_Drivers\config\f4\qspi_config.h" />
    <Unit filename="..\libraries\HAL_Drivers\config\f4\sdio_config.h" />
    <Unit filename="..\libraries\HAL_Drivers\config\f4\spi_config.h" />
    <Unit filename="..\libraries\HAL_Drivers\config\f4\tim_config.h" />
    <Unit filename="..\libraries\HAL_Drivers\config\f4\uart_config.h" />
    <Unit filename="..\libraries\HAL_Drivers\config\f4\usbd_fs_config.h" />
    <Unit filename="..\libraries\HAL_Drivers\config\f7\adc_config.h" />
    <Unit filename="..\libraries\HAL_Drivers\config\f7\dma_config.h" />
    <Unit filename="..\libraries\HAL_Drivers\config\f7\pwm_config.h" />
    <Unit filename="..\libraries\HAL_Drivers\config\f7\qspi_config.h" />
    <Unit filename="..\libraries\HAL_Drivers\config\f7\sdio_config.h" />
    <Unit filename="..\libraries\HAL_Drivers\config\f7\spi_config.h" />
    <Unit filename="..\libraries\HAL_Drivers\config\f7\tim_config.h" />
    <Unit filename="..\libraries\HAL_Drivers\config\f7\uart_config.h" />
    <Unit filename="..\libraries\HAL_Drivers\config\g0\adc_config.h" />
    <Unit filename="..\libraries\HAL_Drivers\config\g0\dma_config.h" />
    <Unit filename="..\libraries\HAL_Drivers\config\g0\pwm_config.h" />
    <Unit filename="..\libraries\HAL_Drivers\config\g0\spi_config.h" />
    <Unit filename="..\libraries\HAL_Drivers\config\g0\tim_config.h" />
    <Unit filename="..\libraries\HAL_Drivers\config\g0\uart_config.h" />
    <Unit filename="..\libraries\HAL_Drivers\config\h7\adc_config.h" />
    <Unit filename="..\libraries\HAL_Drivers\config\h7\dma_config.h" />
    <Unit filename="..\libraries\HAL_Drivers\config\h7\pwm_config.h" />
    <Unit filename="..\libraries\HAL_Drivers\config\h7\qspi_config.h" />
    <Unit filename="..\libraries\HAL_Drivers\config\h7\sdio_config.h" />
    <Unit filename="..\libraries\HAL_Drivers\config\h7\spi_config.h" />
    <Unit filename="..\libraries\HAL_Drivers\config\h7\tim_config.h" />
    <Unit filename="..\libraries\HAL_Drivers\config\h7\uart_config.h" />
    <Unit filename="..\libraries\HAL_Drivers\config\l0\dma_config.h" />
    <Unit filename="..\libraries\HAL_Drivers\config\l0\uart_config.h" />
    <Unit filename="..\libraries\HAL_Drivers\config\l4\adc_config.h" />
    <Unit filename="..\libraries\HAL_Drivers\config\l4\dma_config.h" />
    <Unit filename="..\libraries\HAL_Drivers\config\l4\pwm_config.h" />
    <Unit filename="..\libraries\HAL_Drivers\config\l4\qspi_config.h" />
    <Unit filename="..\libraries\HAL_Drivers\config\l4\sdio_config.h" />
    <Unit filename="..\libraries\HAL_Drivers\config\l4\spi_config.h" />
    <Unit filename="..\libraries\HAL_Drivers\config\l4\tim_config.h" />
    <Unit filename="..\libraries\HAL_Drivers\config\l4\uart_config.h" />
    <Unit filename="..\libraries\HAL_Drivers\config\l4\usbd_fs_config.h" />
    <Unit filename="..\libraries\HAL_Drivers\drv_common.h" />
    <Unit filename="..\libraries\HAL_Drivers\drv_config.h" />
    <Unit filename="..\libraries\HAL_Drivers\drv_dma.h" />
    <Unit filename="..\libraries\HAL_Drivers\drv_eth.h" />
    <Unit filename="..\libraries\HAL_Drivers\drv_gpio.h" />
    <Unit filename="..\libraries\HAL_Drivers\drv_log.h" />
    <Unit filename="..\libraries\HAL_Drivers\drv_usart.h" />
    <Unit filename="..\libraries\STM32F1xx_HAL\CMSIS\Device\ST\STM32F1xx\Include\stm32f100xb.h" />
    <Unit filename="..\libraries\STM32F1xx_HAL\CMSIS\Device\ST\STM32F1xx\Include\stm32f100xe.h" />
    <Unit filename="..\libraries\STM32F1xx_HAL\CMSIS\Device\ST\STM32F1xx\Include\stm32f101x6.h" />
    <Unit filename="..\libraries\STM32F1xx_HAL\CMSIS\Device\ST\STM32F1xx\Include\stm32f101xb.h" />
    <Unit filename="..\libraries\STM32F1xx_HAL\CMSIS\Device\ST\STM32F1xx\Include\stm32f101xe.h" />
    <Unit filename="..\libraries\STM32F1xx_HAL\CMSIS\Device\ST\STM32F1xx\Include\stm32f101xg.h" />
    <Unit filename="..\libraries\STM32F1xx_HAL\CMSIS\Device\ST\STM32F1xx\Include\stm32f102x6.h" />
    <Unit filename="..\libraries\STM32F1xx_HAL\CMSIS\Device\ST\STM32F1xx\Include\stm32f102xb.h" />
    <Unit filename="..\libraries\STM32F1xx_HAL\CMSIS\Device\ST\STM32F1xx\Include\stm32f103x6.h" />
    <Unit filename="..\libraries\STM32F1xx_HAL\CMSIS\Device\ST\STM32F1xx\Include\stm32f103xb.h" />
    <Unit filename="..\libraries\STM32F1xx_HAL\CMSIS\Device\ST\STM32F1xx\Include\stm32f103xe.h" />
    <Unit filename="..\libraries\STM32F1xx_HAL\CMSIS\Device\ST\STM32F1xx\Include\stm32f103xg.h" />
    <Unit filename="..\libraries\STM32F1xx_HAL\CMSIS\Device\ST\STM32F1xx\Include\stm32f105xc.h" />
    <Unit filename="..\libraries\STM32F1xx_HAL\CMSIS\Device\ST\STM32F1xx\Include\stm32f107xc.h" />
    <Unit filename="..\libraries\STM32F1xx_HAL\CMSIS\Device\ST\STM32F1xx\Include\stm32f1xx.h" />
    <Unit filename="..\libraries\STM32F1xx_HAL\CMSIS\Device\ST\STM32F1xx\Include\system_stm32f1xx.h" />
    <Unit filename="..\libraries\STM32F1xx_HAL\CMSIS\Include\cmsis_armcc.h" />
    <Unit filename="..\libraries\STM32F1xx_HAL\CMSIS\Include\cmsis_armcc_V6.h" />
    <Unit filename="..\libraries\STM32F1xx_HAL\CMSIS\Include\cmsis_gcc.h" />
    <Unit filename="..\libraries\STM32F1xx_HAL\CMSIS\Include\core_cm3.h" />
    <Unit filename="..\libraries\STM32F1xx_HAL\CMSIS\Include\core_cmFunc.h" />
    <Unit filename="..\libraries\STM32F1xx_HAL\CMSIS\Include\core_cmInstr.h" />
    <Unit filename="..\libraries\STM32F1xx_HAL\STM32F1xx_HAL_Driver\Inc\Legacy\stm32_hal_legacy.h" />
    <Unit filename="..\libraries\STM32F1xx_HAL\STM32F1xx_HAL_Driver\Inc\Legacy\stm32f1xx_hal_can_ex_legacy.h" />
    <Unit filename="..\libraries\STM32F1xx_HAL\STM32F1xx_HAL_Driver\Inc\Legacy\stm32f1xx_hal_can_legacy.h" />
    <Unit filename="..\libraries\STM32F1xx_HAL\STM32F1xx_HAL_Driver\Inc\stm32f1xx_hal.h" />
    <Unit filename="..\libraries\STM32F1xx_HAL\STM32F1xx_HAL_Driver\Inc\stm32f1xx_hal_adc.h" />
    <Unit filename="..\libraries\STM32F1xx_HAL\STM32F1xx_HAL_Driver\Inc\stm32f1xx_hal_adc_ex.h" />
    <Unit filename="..\libraries\STM32F1xx_HAL\STM32F1xx_HAL_Driver\Inc\stm32f1xx_hal_can.h" />
    <Unit filename="..\libraries\STM32F1xx_HAL\STM32F1xx_HAL_Driver\Inc\stm32f1xx_hal_cec.h" />
    <Unit filename="..\libraries\STM32F1xx_HAL\STM32F1xx_HAL_Driver\Inc\stm32f1xx_hal_cortex.h" />
    <Unit filename="..\libraries\STM32F1xx_HAL\STM32F1xx_HAL_Driver\Inc\stm32f1xx_hal_crc.h" />
    <Unit filename="..\libraries\STM32F1xx_HAL\STM32F1xx_HAL_Driver\Inc\stm32f1xx_hal_dac.h" />
    <Unit filename="..\libraries\STM32F1xx_HAL\STM32F1xx_HAL_Driver\Inc\stm32f1xx_hal_dac_ex.h" />
    <Unit filename="..\libraries\STM32F1xx_HAL\STM32F1xx_HAL_Driver\Inc\stm32f1xx_hal_def.h" />
    <Unit filename="..\libraries\STM32F1xx_HAL\STM32F1xx_HAL_Driver\Inc\stm32f1xx_hal_dma.h" />
    <Unit filename="..\libraries\STM32F1xx_HAL\STM32F1xx_HAL_Driver\Inc\stm32f1xx_hal_dma_ex.h" />
    <Unit filename="..\libraries\STM32F1xx_HAL\STM32F1xx_HAL_Driver\Inc\stm32f1xx_hal_eth.h" />
    <Unit filename="..\libraries\STM32F1xx_HAL\STM32F1xx_HAL_Driver\Inc\stm32f1xx_hal_exti.h" />
    <Unit filename="..\libraries\STM32F1xx_HAL\STM32F1xx_HAL_Driver\Inc\stm32f1xx_hal_flash.h" />
    <Unit filename="..\libraries\STM32F1xx_HAL\STM32F1xx_HAL_Driver\Inc\stm32f1xx_hal_flash_ex.h" />
    <Unit filename="..\libraries\STM32F1xx_HAL\STM32F1xx_HAL_Driver\Inc\stm32f1xx_hal_gpio.h" />
    <Unit filename="..\libraries\STM32F1xx_HAL\STM32F1xx_HAL_Driver\Inc\stm32f1xx_hal_gpio_ex.h" />
    <Unit filename="..\libraries\STM32F1xx_HAL\STM32F1xx_HAL_Driver\Inc\stm32f1xx_hal_hcd.h" />
    <Unit filename="..\libraries\STM32F1xx_HAL\STM32F1xx_HAL_Driver\Inc\stm32f1xx_hal_i2c.h" />
    <Unit filename="..\libraries\STM32F1xx_HAL\STM32F1xx_HAL_Driver\Inc\stm32f1xx_hal_i2s.h" />
    <Unit filename="..\libraries\STM32F1xx_HAL\STM32F1xx_HAL_Driver\Inc\stm32f1xx_hal_irda.h" />
    <Unit filename="..\libraries\STM32F1xx_HAL\STM32F1xx_HAL_Driver\Inc\stm32f1xx_hal_iwdg.h" />
    <Unit filename="..\libraries\STM32F1xx_HAL\STM32F1xx_HAL_Driver\Inc\stm32f1xx_hal_mmc.h" />
    <Unit filename="..\libraries\STM32F1xx_HAL\STM32F1xx_HAL_Driver\Inc\stm32f1xx_hal_nand.h" />
    <Unit filename="..\libraries\STM32F1xx_HAL\STM32F1xx_HAL_Driver\Inc\stm32f1xx_hal_nor.h" />
    <Unit filename="..\libraries\STM32F1xx_HAL\STM32F1xx_HAL_Driver\Inc\stm32f1xx_hal_pccard.h" />
    <Unit filename="..\libraries\STM32F1xx_HAL\STM32F1xx_HAL_Driver\Inc\stm32f1xx_hal_pcd.h" />
    <Unit filename="..\libraries\STM32F1xx_HAL\STM32F1xx_HAL_Driver\Inc\stm32f1xx_hal_pcd_ex.h" />
    <Unit filename="..\libraries\STM32F1xx_HAL\STM32F1xx_HAL_Driver\Inc\stm32f1xx_hal_pwr.h" />
    <Unit filename="..\libraries\STM32F1xx_HAL\STM32F1xx_HAL_Driver\Inc\stm32f1xx_hal_rcc.h" />
    <Unit filename="..\libraries\STM32F1xx_HAL\STM32F1xx_HAL_Driver\Inc\stm32f1xx_hal_rcc_ex.h" />
    <Unit filename="..\libraries\STM32F1xx_HAL\STM32F1xx_HAL_Driver\Inc\stm32f1xx_hal_rtc.h" />
    <Unit filename="..\libraries\STM32F1xx_HAL\STM32F1xx_HAL_Driver\Inc\stm32f1xx_hal_rtc_ex.h" />
    <Unit filename="..\libraries\STM32F1xx_HAL\STM32F1xx_HAL_Driver\Inc\stm32f1xx_hal_sd.h" />
    <Unit filename="..\libraries\STM32F1xx_HAL\STM32F1xx_HAL_Driver\Inc\stm32f1xx_hal_smartcard.h" />
    <Unit filename="..\libraries\STM32F1xx_HAL\STM32F1xx_HAL_Driver\Inc\stm32f1xx_hal_spi.h" />
    <Unit filename="..\libraries\STM32F1xx_HAL\STM32F1xx_HAL_Driver\Inc\stm32f1xx_hal_sram.h" />
    <Unit filename="..\libraries\STM32F1xx_HAL\STM32F1xx_HAL_Driver\Inc\stm32f1xx_hal_tim.h" />
    <Unit filename="..\libraries\STM32F1xx_HAL\STM32F1xx_HAL_Driver\Inc\stm32f1xx_hal_tim_ex.h" />
    <Unit filename="..\libraries\STM32F1xx_HAL\STM32F1xx_HAL_Driver\Inc\stm32f1xx_hal_uart.h" />
    <Unit filename="..\libraries\STM32F1xx_HAL\STM32F1xx_HAL_Driver\Inc\stm32f1xx_hal_usart.h" />
    <Unit filename="..\libraries\STM32F1xx_HAL\STM32F1xx_HAL_Driver\Inc\stm32f1xx_hal_wwdg.h" />
    <Unit filename="..\libraries\STM32F1xx_HAL\STM32F1xx_HAL_Driver\Inc\stm32f1xx_ll_fsmc.h" />
    <Unit filename="..\libraries\STM32F1xx_HAL\STM32F1xx_HAL_Driver\Inc\stm32f1xx_ll_sdmmc.h" />
    <Unit filename="..\libraries\STM32F1xx_HAL\STM32F1xx_HAL_Driver\Inc\stm32f1xx_ll_usb.h" />
    <Unit filename="board\CubeMX_Config\Inc\main.h" />
    <Unit filename="board\CubeMX_Config\Inc\stm32f1xx_hal_conf.h" />
    <Unit filename="board\board.h" />
    <Unit filename="cconfig.h" />
    <Unit filename="rtconfig.h" />
    <Unit filename="..\..\..\components\drivers\include\drivers\adc.h" />
    <Unit filename="..\..\..\components\drivers\include\drivers\alarm.h" />
    <Unit filename="..\..\..\components\drivers\include\drivers\audio.h" />
    <Unit filename="..\..\..\components\drivers\include\drivers\can.h" />
    <Unit filename="..\..\..\components\drivers\include\drivers\cputime.h" />
    <Unit filename="..\..\..\components\drivers\include\drivers\crypto.h" />
    <Unit filename="..\..\..\components\drivers\include\drivers\hwtimer.h" />
    <Unit filename="..\..\..\components\drivers\include\drivers\i2c-bit-ops.h" />
    <Unit filename="..\..\..\components\drivers\include\drivers\i2c.h" />
    <Unit filename="..\..\..\components\drivers\include\drivers\i2c_dev.h" />
    <Unit filename="..\..\..\components\drivers\include\drivers\mmcsd_card.h" />
    <Unit filename="..\..\..\components\drivers\include\drivers\mmcsd_cmd.h" />
    <Unit filename="..\..\..\components\drivers\include\drivers\mmcsd_core.h" />
    <Unit filename="..\..\..\components\drivers\include\drivers\mmcsd_host.h" />
    <Unit filename="..\..\..\components\drivers\include\drivers\mtd_nand.h" />
    <Unit filename="..\..\..\components\drivers\include\drivers\mtd_nor.h" />
    <Unit filename="..\..\..\components\drivers\include\drivers\pin.h" />
    <Unit filename="..\..\..\components\drivers\include\drivers\pm.h" />
    <Unit filename="..\..\..\components\drivers\include\drivers\pulse_encoder.h" />
    <Unit filename="..\..\..\components\drivers\include\drivers\rt_drv_pwm.h" />
    <Unit filename="..\..\..\components\drivers\include\drivers\rt_inputcapture.h" />
    <Unit filename="..\..\..\components\drivers\include\drivers\rtc.h" />
    <Unit filename="..\..\..\components\drivers\include\drivers\sd.h" />
    <Unit filename="..\..\..\components\drivers\include\drivers\sdio.h" />
    <Unit filename="..\..\..\components\drivers\include\drivers\sdio_func_ids.h" />
    <Unit filename="..\..\..\components\drivers\include\drivers\serial.h" />
    <Unit filename="..\..\..\components\drivers\include\drivers\spi.h" />
    <Unit filename="..\..\..\components\drivers\include\drivers\usb_common.h" />
    <Unit filename="..\..\..\components\drivers\include\drivers\usb_device.h" />
    <Unit filename="..\..\..\components\drivers\include\drivers\usb_host.h" />
    <Unit filename="..\..\..\components\drivers\include\drivers\watchdog.h" />
    <Unit filename="..\..\..\components\drivers\include\drivers\wlan.h" />
    <Unit filename="..\..\..\components\drivers\include\ipc\completion.h" />
    <Unit filename="..\..\..\components\drivers\include\ipc\dataqueue.h" />
    <Unit filename="..\..\..\components\drivers\include\ipc\pipe.h" />
    <Unit filename="..\..\..\components\drivers\include\ipc\poll.h" />
    <Unit filename="..\..\..\components\drivers\include\ipc\ringblk_buf.h" />
    <Unit filename="..\..\..\components\drivers\include\ipc\ringbuffer.h" />
    <Unit filename="..\..\..\components\drivers\include\ipc\waitqueue.h" />
    <Unit filename="..\..\..\components\drivers\include\ipc\workqueue.h" />
    <Unit filename="..\..\..\components\drivers\include\rtdevice.h" />
    <Unit filename="..\..\..\components\finsh\finsh.h" />
    <Unit filename="..\..\..\components\finsh\finsh_api.h" />
    <Unit filename="..\..\..\components\finsh\msh.h" />
    <Unit filename="..\..\..\components\finsh\shell.h" />
    <Unit filename="..\..\..\components\libc\compilers\armlibc\fcntl.h" />
    <Unit filename="..\..\..\components\libc\compilers\armlibc\libc.h" />
    <Unit filename="..\..\..\components\libc\compilers\armlibc\sys\stat.h" />
    <Unit filename="..\..\..\components\libc\compilers\armlibc\sys\time.h" />
    <Unit filename="..\..\..\components\libc\compilers\armlibc\sys\types.h" />
    <Unit filename="..\..\..\components\net\lwip-2.0.2\src\arch\include\arch\bpstruct.h" />
    <Unit filename="..\..\..\components\net\lwip-2.0.2\src\arch\include\arch\cc.h" />
    <Unit filename="..\..\..\components\net\lwip-2.0.2\src\arch\include\arch\epstruct.h" />
    <Unit filename="..\..\..\components\net\lwip-2.0.2\src\arch\include\arch\perf.h" />
    <Unit filename="..\..\..\components\net\lwip-2.0.2\src\arch\include\arch\sys_arch.h" />
    <Unit filename="..\..\..\components\net\lwip-2.0.2\src\include\lwip\api.h" />
    <Unit filename="..\..\..\components\net\lwip-2.0.2\src\include\lwip\arch.h" />
    <Unit filename="..\..\..\components\net\lwip-2.0.2\src\include\lwip\autoip.h" />
    <Unit filename="..\..\..\components\net\lwip-2.0.2\src\include\lwip\debug.h" />
    <Unit filename="..\..\..\components\net\lwip-2.0.2\src\include\lwip\def.h" />
    <Unit filename="..\..\..\components\net\lwip-2.0.2\src\include\lwip\dhcp.h" />
    <Unit filename="..\..\..\components\net\lwip-2.0.2\src\include\lwip\dhcp6.h" />
    <Unit filename="..\..\..\components\net\lwip-2.0.2\src\include\lwip\dns.h" />
    <Unit filename="..\..\..\components\net\lwip-2.0.2\src\include\lwip\err.h" />
    <Unit filename="..\..\..\components\net\lwip-2.0.2\src\include\lwip\errno.h" />
    <Unit filename="..\..\..\components\net\lwip-2.0.2\src\include\lwip\etharp.h" />
    <Unit filename="..\..\..\components\net\lwip-2.0.2\src\include\lwip\ethip6.h" />
    <Unit filename="..\..\..\components\net\lwip-2.0.2\src\include\lwip\icmp.h" />
    <Unit filename="..\..\..\components\net\lwip-2.0.2\src\include\lwip\icmp6.h" />
    <Unit filename="..\..\..\components\net\lwip-2.0.2\src\include\lwip\igmp.h" />
    <Unit filename="..\..\..\components\net\lwip-2.0.2\src\include\lwip\inet.h" />
    <Unit filename="..\..\..\components\net\lwip-2.0.2\src\include\lwip\inet_chksum.h" />
    <Unit filename="..\..\..\components\net\lwip-2.0.2\src\include\lwip\init.h" />
    <Unit filename="..\..\..\components\net\lwip-2.0.2\src\include\lwip\ip.h" />
    <Unit filename="..\..\..\components\net\lwip-2.0.2\src\include\lwip\ip4.h" />
    <Unit filename="..\..\..\components\net\lwip-2.0.2\src\include\lwip\ip4_addr.h" />
    <Unit filename="..\..\..\components\net\lwip-2.0.2\src\include\lwip\ip4_frag.h" />
    <Unit filename="..\..\..\components\net\lwip-2.0.2\src\include\lwip\ip6.h" />
    <Unit filename="..\..\..\components\net\lwip-2.0.2\src\include\lwip\ip6_addr.h" />
    <Unit filename="..\..\..\components\net\lwip-2.0.2\src\include\lwip\ip6_frag.h" />
    <Unit filename="..\..\..\components\net\lwip-2.0.2\src\include\lwip\ip_addr.h" />
    <Unit filename="..\..\..\components\net\lwip-2.0.2\src\include\lwip\mem.h" />
    <Unit filename="..\..\..\components\net\lwip-2.0.2\src\include\lwip\memp.h" />
    <Unit filename="..\..\..\components\net\lwip-2.0.2\src\include\lwip\mld6.h" />
    <Unit filename="..\..\..\components\net\lwip-2.0.2\src\include\lwip\nd6.h" />
    <Unit filename="..\..\..\components\net\lwip-2.0.2\src\include\lwip\netbuf.h" />
    <Unit filename="..\..\..\components\net\lwip-2.0.2\src\include\lwip\netdb.h" />
    <Unit filename="..\..\..\components\net\lwip-2.0.2\src\include\lwip\netif.h" />
    <Unit filename="..\..\..\components\net\lwip-2.0.2\src\include\lwip\netifapi.h" />
    <Unit filename="..\..\..\components\net\lwip-2.0.2\src\include\lwip\opt.h" />
    <Unit filename="..\..\..\components\net\lwip-2.0.2\src\include\lwip\pbuf.h" />
    <Unit filename="..\..\..\components\net\lwip-2.0.2\src\include\lwip\priv\api_msg.h" />
    <Unit filename="..\..\..\components\net\lwip-2.0.2\src\include\lwip\priv\memp_priv.h" />
    <Unit filename="..\..\..\components\net\lwip-2.0.2\src\include\lwip\priv\memp_std.h" />
    <Unit filename="..\..\..\components\net\lwip-2.0.2\src\include\lwip\priv\nd6_priv.h" />
    <Unit filename="..\..\..\components\net\lwip-2.0.2\src\include\lwip\priv\tcp_priv.h" />
    <Unit filename="..\..\..\components\net\lwip-2.0.2\src\include\lwip\priv\tcpip_priv.h" />
    <Unit filename="..\..\..\components\net\lwip-2.0.2\src\include\lwip\prot\autoip.h" />
    <Unit filename="..\..\..\components\net\lwip-2.0.2\src\include\lwip\prot\dhcp.h" />
    <Unit filename="..\..\..\components\net\lwip-2.0.2\src\include\lwip\prot\dns.h" />
    <Unit filename="..\..\..\components\net\lwip-2.0.2\src\include\lwip\prot\etharp.h" />
    <Unit filename="..\..\..\components\net\lwip-2.0.2\src\include\lwip\prot\ethernet.h" />
    <Unit filename="..\..\..\components\net\lwip-2.0.2\src\include\lwip\prot\icmp.h" />
    <Unit filename="..\..\..\components\net\lwip-2.0.2\src\include\lwip\prot\icmp6.h" />
    <Unit filename="..\..\..\components\net\lwip-2.0.2\src\include\lwip\prot\igmp.h" />
    <Unit filename="..\..\..\components\net\lwip-2.0.2\src\include\lwip\prot\ip.h" />
    <Unit filename="..\..\..\components\net\lwip-2.0.2\src\include\lwip\prot\ip4.h" />
    <Unit filename="..\..\..\components\net\lwip-2.0.2\src\include\lwip\prot\ip6.h" />
    <Unit filename="..\..\..\components\net\lwip-2.0.2\src\include\lwip\prot\tcp.h" />
    <Unit filename="..\..\..\components\net\lwip-2.0.2\src\include\lwip\prot\udp.h" />
    <Unit filename="..\..\..\components\net\lwip-2.0.2\src\include\lwip\raw.h" />
    <Unit filename="..\..\..\components\net\lwip-2.0.2\src\include\lwip\sio.h" />
    <Unit filename="..\..\..\components\net\lwip-2.0.2\src\include\lwip\snmp.h" />
    <Unit filename="..\..\..\components\net\lwip-2.0.2\src\include\lwip\sockets.h" />
    <Unit filename="..\..\..\components\net\lwip-2.0.2\src\include\lwip\stats.h" />
    <Unit filename="..\..\..\components\net\lwip-2.0.2\src\include\lwip\sys.h" />
    <Unit filename="..\..\..\components\net\lwip-2.0.2\src\include\lwip\tcp.h" />
    <Unit filename="..\..\..\components\net\lwip-2.0.2\src\include\lwip\tcpip.h" />
    <Unit filename="..\..\..\components\net\lwip-2.0.2\src\include\lwip\timeouts.h" />
    <Unit filename="..\..\..\components\net\lwip-2.0.2\src\include\lwip\udp.h" />
    <Unit filename="..\..\..\components\net\lwip-2.0.2\src\include\netif\etharp.h" />
    <Unit filename="..\..\..\components\net\lwip-2.0.2\src\include\netif\ethernet.h" />
    <Unit filename="..\..\..\components\net\lwip-2.0.2\src\include\netif\ethernetif.h" />
    <Unit filename="..\..\..\components\net\lwip-2.0.2\src\include\netif\lowpan6.h" />
    <Unit filename="..\..\..\components\net\lwip-2.0.2\src\include\netif\lowpan6_opts.h" />
    <Unit filename="..\..\..\components\net\lwip-2.0.2\src\include\netif\ppp\ccp.h" />
    <Unit filename="..\..\..\components\net\lwip-2.0.2\src\include\netif\ppp\chap-new.h" />
    <Unit filename="..\..\..\components\net\lwip-2.0.2\src\include\netif\ppp\eap.h" />
    <Unit filename="..\..\..\components\net\lwip-2.0.2\src\include\netif\ppp\eui64.h" />
    <Unit filename="..\..\..\components\net\lwip-2.0.2\src\include\netif\ppp\fsm.h" />
    <Unit filename="..\..\..\components\net\lwip-2.0.2\src\include\netif\ppp\ipcp.h" />
    <Unit filename="..\..\..\components\net\lwip-2.0.2\src\include\netif\ppp\ipv6cp.h" />
    <Unit filename="..\..\..\components\net\lwip-2.0.2\src\include\netif\ppp\lcp.h" />
    <Unit filename="..\..\..\components\net\lwip-2.0.2\src\include\netif\ppp\mppe.h" />
    <Unit filename="..\..\..\components\net\lwip-2.0.2\src\include\netif\ppp\polarssl\arc4.h" />
    <Unit filename="..\..\..\components\net\lwip-2.0.2\src\include\netif\ppp\polarssl\des.h" />
    <Unit filename="..\..\..\components\net\lwip-2.0.2\src\include\netif\ppp\polarssl\md4.h" />
    <Unit filename="..\..\..\components\net\lwip-2.0.2\src\include\netif\ppp\polarssl\md5.h" />
    <Unit filename="..\..\..\components\net\lwip-2.0.2\src\include\netif\ppp\polarssl\sha1.h" />
    <Unit filename="..\..\..\components\net\lwip-2.0.2\src\include\netif\ppp\ppp.h" />
    <Unit filename="..\..\..\components\net\lwip-2.0.2\src\include\netif\ppp\ppp_impl.h" />
    <Unit filename="..\..\..\components\net\lwip-2.0.2\src\include\netif\ppp\ppp_opts.h" />
    <Unit filename="..\..\..\components\net\lwip-2.0.2\src\include\netif\ppp\pppcrypt.h" />
    <Unit filename="..\..\..\components\net\lwip-2.0.2\src\include\netif\ppp\pppdebug.h" />
    <Unit filename="..\..\..\components\net\lwip-2.0.2\src\include\netif\ppp\pppoe.h" />
    <Unit filename="..\..\..\components\net\lwip-2.0.2\src\include\netif\ppp\upap.h" />
    <Unit filename="..\..\..\components\net\lwip-2.0.2\src\include\netif\ppp\vj.h" />
    <Unit filename="..\..\..\components\net\lwip-2.0.2\src\lwipopts.h" />
    <Unit filename="..\..\..\components\net\lwip-2.0.2\src\lwippools.h" />
    <Unit filename="..\..\..\components\net\netdev\include\netdev.h" />
    <Unit filename="..\..\..\components\net\netdev\include\netdev_ipaddr.h" />
    <Unit filename="..\..\..\include\libc\libc_dirent.h" />
    <Unit filename="..\..\..\include\libc\libc_errno.h" />
    <Unit filename="..\..\..\include\libc\libc_fcntl.h" />
    <Unit filename="..\..\..\include\libc\libc_fdset.h" />
    <Unit filename="..\..\..\include\libc\libc_ioctl.h" />
    <Unit filename="..\..\..\include\libc\libc_signal.h" />
    <Unit filename="..\..\..\include\libc\libc_stat.h" />
    <Unit filename="..\..\..\include\rtdbg.h" />
    <Unit filename="..\..\..\include\rtdebug.h" />
    <Unit filename="..\..\..\include\rtdef.h" />
    <Unit filename="..\..\..\include\rthw.h" />
    <Unit filename="..\..\..\include\rtlibc.h" />
    <Unit filename="..\..\..\include\rtm.h" />
    <Unit filename="..\..\..\include\rtservice.h" />
    <Unit filename="..\..\..\include\rtthread.h" />
  </Project>
</CodeBlocks_project_file>
